PODS:
  - FBSDKCoreKit (8.2.0):
    - FBSDKCoreKit/Basics (= 8.2.0)
    - FBSDKCoreKit/Core (= 8.2.0)
  - FBSDKCoreKit/Basics (8.2.0)
  - FBSDKCoreKit/Core (8.2.0):
    - FBSDKCoreKit/Basics
  - FBSDKLoginKit (8.2.0):
    - FBSDKLoginKit/Login (= 8.2.0)
  - FBSDKLoginKit/Login (8.2.0):
    - FBSDKCoreKit (~> 8.2.0)
  - FBSDKShareKit (8.2.0):
    - FBSDKShareKit/Share (= 8.2.0)
  - FBSDKShareKit/Share (8.2.0):
    - FBSDKCoreKit (~> 8.2.0)
  - RxCocoa (6.0.0):
    - RxRelay (= 6.0.0)
    - RxSwift (= 6.0.0)
  - RxRelay (6.0.0):
    - RxSwift (= 6.0.0)
  - RxSwift (6.0.0)

DEPENDENCIES:
  - FBSDKCoreKit
  - FBSDKLoginKit
  - FBSDKShareKit
  - RxCocoa
  - RxSwift

SPEC REPOS:
  trunk:
    - FBSDKCoreKit
    - FBSDKLoginKit
    - FBSDKShareKit
    - RxCocoa
    - RxRelay
    - RxSwift

SPEC CHECKSUMS:
  FBSDKCoreKit: 4afd6ff53d8133a433dbcda44451c9498f8c6ce4
  FBSDKLoginKit: 7181765f2524d7ebf82d9629066c8e6caafc99d0
  FBSDKShareKit: 0c0d51b3af47075a85ed9bea0e28b2fc70e3594b
  RxCocoa: 3f79328fafa3645b34600f37c31e64c73ae3a80e
  RxRelay: 8d593be109c06ea850df027351beba614b012ffb
  RxSwift: c14e798c59b9f6e9a2df8fd235602e85cc044295

PODFILE CHECKSUM: 281399c6230330e4dabe5126b3ebac6a778c8247

COCOAPODS: 1.10.0
