// !$*UTF8*$!
{
	archiveVersion = 1;
	classes = {
	};
	objectVersion = 51;
	objects = {

/* Begin PBXBuildFile section */
		11009ACC25B3CC9B00DC3940 /* DefaultRouter.swift in Sources */ = {isa = PBXBuildFile; fileRef = 11009ACB25B3CC9B00DC3940 /* DefaultRouter.swift */; };
		11009ADC25B3CD4400DC3940 /* AuthorizeServiceResolver.swift in Sources */ = {isa = PBXBuildFile; fileRef = 11009ADB25B3CD4400DC3940 /* AuthorizeServiceResolver.swift */; };
		11009AE225B3CD5A00DC3940 /* AuthorizeServiceStarter.swift in Sources */ = {isa = PBXBuildFile; fileRef = 11009AE125B3CD5A00DC3940 /* AuthorizeServiceStarter.swift */; };
		113B5E6025BBCD880081B461 /* LocalDataFetcher.swift in Sources */ = {isa = PBXBuildFile; fileRef = 113B5E5F25BBCD880081B461 /* LocalDataFetcher.swift */; };
		113B5E6425BBCDE90081B461 /* DefaultLocalDataFetcher.swift in Sources */ = {isa = PBXBuildFile; fileRef = 113B5E6325BBCDE90081B461 /* DefaultLocalDataFetcher.swift */; };
		113B5E7925BBD5C00081B461 /* LocalDataManager.swift in Sources */ = {isa = PBXBuildFile; fileRef = 113B5E7825BBD5C00081B461 /* LocalDataManager.swift */; };
		113B5E8725BBD6D90081B461 /* DefaultLocalDataManager.swift in Sources */ = {isa = PBXBuildFile; fileRef = 113B5E8625BBD6D90081B461 /* DefaultLocalDataManager.swift */; };
		113B5E8B25BBDAA90081B461 /* ContentNavigationControllerViewModel.swift in Sources */ = {isa = PBXBuildFile; fileRef = 113B5E8A25BBDAA90081B461 /* ContentNavigationControllerViewModel.swift */; };
		115F043125BF9B5E0085D52E /* WebImageView.swift in Sources */ = {isa = PBXBuildFile; fileRef = 115F043025BF9B5E0085D52E /* WebImageView.swift */; };
		115F043E25BFA3C00085D52E /* ContentCollectionViewCellViewModel.swift in Sources */ = {isa = PBXBuildFile; fileRef = 115F043D25BFA3C00085D52E /* ContentCollectionViewCellViewModel.swift */; };
		115F044225BFA5C60085D52E /* ContentCollectionViewViewModel.swift in Sources */ = {isa = PBXBuildFile; fileRef = 115F044125BFA5C60085D52E /* ContentCollectionViewViewModel.swift */; };
		11735A8625B1CCD400C27FBB /* AuthorizeService.swift in Sources */ = {isa = PBXBuildFile; fileRef = 11735A8525B1CCD400C27FBB /* AuthorizeService.swift */; };
		11735A8E25B1D11900C27FBB /* InstagramLoginViewController.swift in Sources */ = {isa = PBXBuildFile; fileRef = 11735A8D25B1D11900C27FBB /* InstagramLoginViewController.swift */; };
		11735AAB25B1D95800C27FBB /* ContentViewControllerViewModel.swift in Sources */ = {isa = PBXBuildFile; fileRef = 11735AAA25B1D95800C27FBB /* ContentViewControllerViewModel.swift */; };
		11735AB825B1DD6B00C27FBB /* AuthorizeViewController.swift in Sources */ = {isa = PBXBuildFile; fileRef = 11735AB725B1DD6B00C27FBB /* AuthorizeViewController.swift */; };
		11735AC225B1E0A300C27FBB /* AuthorizeViewModel.swift in Sources */ = {isa = PBXBuildFile; fileRef = 11735AC125B1E0A300C27FBB /* AuthorizeViewModel.swift */; };
		11735ADB25B283E500C27FBB /* Router.swift in Sources */ = {isa = PBXBuildFile; fileRef = 11735ADA25B283E500C27FBB /* Router.swift */; };
		11735AE125B28AD600C27FBB /* ErrorType.swift in Sources */ = {isa = PBXBuildFile; fileRef = 11735AE025B28AD600C27FBB /* ErrorType.swift */; };
		11735AF125B2CDAC00C27FBB /* InstagramLoginViewModel.swift in Sources */ = {isa = PBXBuildFile; fileRef = 11735AF025B2CDAC00C27FBB /* InstagramLoginViewModel.swift */; };
		11735AF925B2D1A500C27FBB /* ViewModel.swift in Sources */ = {isa = PBXBuildFile; fileRef = 11735AF825B2D1A500C27FBB /* ViewModel.swift */; };
		11735B0D25B340C100C27FBB /* AppSettings.swift in Sources */ = {isa = PBXBuildFile; fileRef = 11735B0C25B340C100C27FBB /* AppSettings.swift */; };
		11930BEC25B3F6060099E7FD /* Networking.swift in Sources */ = {isa = PBXBuildFile; fileRef = 11930BEB25B3F6060099E7FD /* Networking.swift */; };
		11930BF725B3F67A0099E7FD /* NetworkService.swift in Sources */ = {isa = PBXBuildFile; fileRef = 11930BF625B3F67A0099E7FD /* NetworkService.swift */; };
		11930BFB25B3F7110099E7FD /* DataFetcher.swift in Sources */ = {isa = PBXBuildFile; fileRef = 11930BFA25B3F7110099E7FD /* DataFetcher.swift */; };
		11930C0425B3F7470099E7FD /* NetworkDataFetcher.swift in Sources */ = {isa = PBXBuildFile; fileRef = 11930C0325B3F7470099E7FD /* NetworkDataFetcher.swift */; };
		11930C0C25B3F90E0099E7FD /* DataFetcherService.swift in Sources */ = {isa = PBXBuildFile; fileRef = 11930C0B25B3F90E0099E7FD /* DataFetcherService.swift */; };
		11B6529325AF419F00215FD4 /* CGRect+Extension.swift in Sources */ = {isa = PBXBuildFile; fileRef = 11B6529225AF419F00215FD4 /* CGRect+Extension.swift */; };
		11B652F825B161E100215FD4 /* InstagramApi.swift in Sources */ = {isa = PBXBuildFile; fileRef = 11B652F725B161E100215FD4 /* InstagramApi.swift */; };
		11B652FC25B164E900215FD4 /* InstagramResponse.swift in Sources */ = {isa = PBXBuildFile; fileRef = 11B652FB25B164E900215FD4 /* InstagramResponse.swift */; };
		11D3904525AB3F230014B3B1 /* AppDelegate.swift in Sources */ = {isa = PBXBuildFile; fileRef = 11D3904425AB3F230014B3B1 /* AppDelegate.swift */; };
		11D3904925AB3F230014B3B1 /* ContentViewController.swift in Sources */ = {isa = PBXBuildFile; fileRef = 11D3904825AB3F230014B3B1 /* ContentViewController.swift */; };
		11D3904F25AB3F230014B3B1 /* Incolletion.xcdatamodeld in Sources */ = {isa = PBXBuildFile; fileRef = 11D3904D25AB3F230014B3B1 /* Incolletion.xcdatamodeld */; };
		11D3905125AB3F240014B3B1 /* Assets.xcassets in Resources */ = {isa = PBXBuildFile; fileRef = 11D3905025AB3F240014B3B1 /* Assets.xcassets */; };
		11D3905425AB3F240014B3B1 /* LaunchScreen.storyboard in Resources */ = {isa = PBXBuildFile; fileRef = 11D3905225AB3F240014B3B1 /* LaunchScreen.storyboard */; };
		11D3907125AB41780014B3B1 /* UserContentViewControllerTests.swift in Sources */ = {isa = PBXBuildFile; fileRef = 11D3907025AB41780014B3B1 /* UserContentViewControllerTests.swift */; };
		11D3907725AB424D0014B3B1 /* ContentCollectionView.swift in Sources */ = {isa = PBXBuildFile; fileRef = 11D3907625AB424D0014B3B1 /* ContentCollectionView.swift */; };
		11D3908225AB50810014B3B1 /* ContentNavigationController.swift in Sources */ = {isa = PBXBuildFile; fileRef = 11D3908125AB50810014B3B1 /* ContentNavigationController.swift */; };
		11D3909425AB56440014B3B1 /* UIColor+Extension.swift in Sources */ = {isa = PBXBuildFile; fileRef = 11D3909325AB56440014B3B1 /* UIColor+Extension.swift */; };
		11D3909825AB585A0014B3B1 /* ContentCollectionViewCell.swift in Sources */ = {isa = PBXBuildFile; fileRef = 11D3909725AB585A0014B3B1 /* ContentCollectionViewCell.swift */; };
		11D390A025ABCE690014B3B1 /* ContentCollectionViewLayout.swift in Sources */ = {isa = PBXBuildFile; fileRef = 11D3909F25ABCE690014B3B1 /* ContentCollectionViewLayout.swift */; };
		11F80BEA25B50F21008AAAEE /* Result+Extension.swift in Sources */ = {isa = PBXBuildFile; fileRef = 11F80BE925B50F21008AAAEE /* Result+Extension.swift */; };
		11F80C1E25B55BC5008AAAEE /* InstagramDataFetcher.swift in Sources */ = {isa = PBXBuildFile; fileRef = 11F80C1D25B55BC5008AAAEE /* InstagramDataFetcher.swift */; };
		2B340C25E40029CFF385BD82 /* Pods_Incolletion.framework in Frameworks */ = {isa = PBXBuildFile; fileRef = 10DFFE221D396D045FC169DE /* Pods_Incolletion.framework */; };
		CD50C24D3EE724D78AA73497 /* Pods_IncolletionTests.framework in Frameworks */ = {isa = PBXBuildFile; fileRef = B1A94264B26A70A135752758 /* Pods_IncolletionTests.framework */; };
/* End PBXBuildFile section */

/* Begin PBXContainerItemProxy section */
		11D3906725AB40C40014B3B1 /* PBXContainerItemProxy */ = {
			isa = PBXContainerItemProxy;
			containerPortal = 11D3903925AB3F230014B3B1 /* Project object */;
			proxyType = 1;
			remoteGlobalIDString = 11D3904025AB3F230014B3B1;
			remoteInfo = Incolletion;
		};
/* End PBXContainerItemProxy section */

/* Begin PBXFileReference section */
		07900A267DF8A908F1F47042 /* Pods-Incolletion.release.xcconfig */ = {isa = PBXFileReference; includeInIndex = 1; lastKnownFileType = text.xcconfig; name = "Pods-Incolletion.release.xcconfig"; path = "Target Support Files/Pods-Incolletion/Pods-Incolletion.release.xcconfig"; sourceTree = "<group>"; };
		10DFFE221D396D045FC169DE /* Pods_Incolletion.framework */ = {isa = PBXFileReference; explicitFileType = wrapper.framework; includeInIndex = 0; path = Pods_Incolletion.framework; sourceTree = BUILT_PRODUCTS_DIR; };
		11009ACB25B3CC9B00DC3940 /* DefaultRouter.swift */ = {isa = PBXFileReference; lastKnownFileType = sourcecode.swift; path = DefaultRouter.swift; sourceTree = "<group>"; };
		11009ADB25B3CD4400DC3940 /* AuthorizeServiceResolver.swift */ = {isa = PBXFileReference; lastKnownFileType = sourcecode.swift; path = AuthorizeServiceResolver.swift; sourceTree = "<group>"; };
		11009AE125B3CD5A00DC3940 /* AuthorizeServiceStarter.swift */ = {isa = PBXFileReference; lastKnownFileType = sourcecode.swift; path = AuthorizeServiceStarter.swift; sourceTree = "<group>"; };
		113B5E5F25BBCD880081B461 /* LocalDataFetcher.swift */ = {isa = PBXFileReference; lastKnownFileType = sourcecode.swift; path = LocalDataFetcher.swift; sourceTree = "<group>"; };
		113B5E6325BBCDE90081B461 /* DefaultLocalDataFetcher.swift */ = {isa = PBXFileReference; lastKnownFileType = sourcecode.swift; path = DefaultLocalDataFetcher.swift; sourceTree = "<group>"; };
		113B5E7825BBD5C00081B461 /* LocalDataManager.swift */ = {isa = PBXFileReference; lastKnownFileType = sourcecode.swift; path = LocalDataManager.swift; sourceTree = "<group>"; };
		113B5E8625BBD6D90081B461 /* DefaultLocalDataManager.swift */ = {isa = PBXFileReference; lastKnownFileType = sourcecode.swift; path = DefaultLocalDataManager.swift; sourceTree = "<group>"; };
		113B5E8A25BBDAA90081B461 /* ContentNavigationControllerViewModel.swift */ = {isa = PBXFileReference; lastKnownFileType = sourcecode.swift; path = ContentNavigationControllerViewModel.swift; sourceTree = "<group>"; };
		115F043025BF9B5E0085D52E /* WebImageView.swift */ = {isa = PBXFileReference; lastKnownFileType = sourcecode.swift; path = WebImageView.swift; sourceTree = "<group>"; };
		115F043D25BFA3C00085D52E /* ContentCollectionViewCellViewModel.swift */ = {isa = PBXFileReference; lastKnownFileType = sourcecode.swift; path = ContentCollectionViewCellViewModel.swift; sourceTree = "<group>"; };
		115F044125BFA5C60085D52E /* ContentCollectionViewViewModel.swift */ = {isa = PBXFileReference; lastKnownFileType = sourcecode.swift; path = ContentCollectionViewViewModel.swift; sourceTree = "<group>"; };
		11735A8525B1CCD400C27FBB /* AuthorizeService.swift */ = {isa = PBXFileReference; lastKnownFileType = sourcecode.swift; path = AuthorizeService.swift; sourceTree = "<group>"; };
		11735A8D25B1D11900C27FBB /* InstagramLoginViewController.swift */ = {isa = PBXFileReference; lastKnownFileType = sourcecode.swift; path = InstagramLoginViewController.swift; sourceTree = "<group>"; };
		11735AAA25B1D95800C27FBB /* ContentViewControllerViewModel.swift */ = {isa = PBXFileReference; lastKnownFileType = sourcecode.swift; path = ContentViewControllerViewModel.swift; sourceTree = "<group>"; };
		11735AB725B1DD6B00C27FBB /* AuthorizeViewController.swift */ = {isa = PBXFileReference; lastKnownFileType = sourcecode.swift; path = AuthorizeViewController.swift; sourceTree = "<group>"; };
		11735AC125B1E0A300C27FBB /* AuthorizeViewModel.swift */ = {isa = PBXFileReference; lastKnownFileType = sourcecode.swift; path = AuthorizeViewModel.swift; sourceTree = "<group>"; };
		11735ADA25B283E500C27FBB /* Router.swift */ = {isa = PBXFileReference; lastKnownFileType = sourcecode.swift; path = Router.swift; sourceTree = "<group>"; };
		11735AE025B28AD600C27FBB /* ErrorType.swift */ = {isa = PBXFileReference; lastKnownFileType = sourcecode.swift; path = ErrorType.swift; sourceTree = "<group>"; };
		11735AF025B2CDAC00C27FBB /* InstagramLoginViewModel.swift */ = {isa = PBXFileReference; lastKnownFileType = sourcecode.swift; path = InstagramLoginViewModel.swift; sourceTree = "<group>"; };
		11735AF825B2D1A500C27FBB /* ViewModel.swift */ = {isa = PBXFileReference; lastKnownFileType = sourcecode.swift; path = ViewModel.swift; sourceTree = "<group>"; };
		11735B0C25B340C100C27FBB /* AppSettings.swift */ = {isa = PBXFileReference; lastKnownFileType = sourcecode.swift; path = AppSettings.swift; sourceTree = "<group>"; };
		11930BEB25B3F6060099E7FD /* Networking.swift */ = {isa = PBXFileReference; lastKnownFileType = sourcecode.swift; path = Networking.swift; sourceTree = "<group>"; };
		11930BF625B3F67A0099E7FD /* NetworkService.swift */ = {isa = PBXFileReference; lastKnownFileType = sourcecode.swift; path = NetworkService.swift; sourceTree = "<group>"; };
		11930BFA25B3F7110099E7FD /* DataFetcher.swift */ = {isa = PBXFileReference; lastKnownFileType = sourcecode.swift; path = DataFetcher.swift; sourceTree = "<group>"; };
		11930C0325B3F7470099E7FD /* NetworkDataFetcher.swift */ = {isa = PBXFileReference; lastKnownFileType = sourcecode.swift; path = NetworkDataFetcher.swift; sourceTree = "<group>"; };
		11930C0B25B3F90E0099E7FD /* DataFetcherService.swift */ = {isa = PBXFileReference; lastKnownFileType = sourcecode.swift; path = DataFetcherService.swift; sourceTree = "<group>"; };
		11B6529225AF419F00215FD4 /* CGRect+Extension.swift */ = {isa = PBXFileReference; lastKnownFileType = sourcecode.swift; path = "CGRect+Extension.swift"; sourceTree = "<group>"; };
		11B652F725B161E100215FD4 /* InstagramApi.swift */ = {isa = PBXFileReference; lastKnownFileType = sourcecode.swift; path = InstagramApi.swift; sourceTree = "<group>"; };
		11B652FB25B164E900215FD4 /* InstagramResponse.swift */ = {isa = PBXFileReference; lastKnownFileType = sourcecode.swift; path = InstagramResponse.swift; sourceTree = "<group>"; };
		11D3904125AB3F230014B3B1 /* Incolletion.app */ = {isa = PBXFileReference; explicitFileType = wrapper.application; includeInIndex = 0; path = Incolletion.app; sourceTree = BUILT_PRODUCTS_DIR; };
		11D3904425AB3F230014B3B1 /* AppDelegate.swift */ = {isa = PBXFileReference; lastKnownFileType = sourcecode.swift; path = AppDelegate.swift; sourceTree = "<group>"; };
		11D3904825AB3F230014B3B1 /* ContentViewController.swift */ = {isa = PBXFileReference; lastKnownFileType = sourcecode.swift; path = ContentViewController.swift; sourceTree = "<group>"; };
		11D3904E25AB3F230014B3B1 /* Incolletion.xcdatamodel */ = {isa = PBXFileReference; lastKnownFileType = wrapper.xcdatamodel; path = Incolletion.xcdatamodel; sourceTree = "<group>"; };
		11D3905025AB3F240014B3B1 /* Assets.xcassets */ = {isa = PBXFileReference; lastKnownFileType = folder.assetcatalog; path = Assets.xcassets; sourceTree = "<group>"; };
		11D3905325AB3F240014B3B1 /* Base */ = {isa = PBXFileReference; lastKnownFileType = file.storyboard; name = Base; path = Base.lproj/LaunchScreen.storyboard; sourceTree = "<group>"; };
		11D3905525AB3F240014B3B1 /* Info.plist */ = {isa = PBXFileReference; lastKnownFileType = text.plist.xml; path = Info.plist; sourceTree = "<group>"; };
		11D3906225AB40C40014B3B1 /* IncolletionTests.xctest */ = {isa = PBXFileReference; explicitFileType = wrapper.cfbundle; includeInIndex = 0; path = IncolletionTests.xctest; sourceTree = BUILT_PRODUCTS_DIR; };
		11D3906625AB40C40014B3B1 /* Info.plist */ = {isa = PBXFileReference; lastKnownFileType = text.plist.xml; path = Info.plist; sourceTree = "<group>"; };
		11D3907025AB41780014B3B1 /* UserContentViewControllerTests.swift */ = {isa = PBXFileReference; lastKnownFileType = sourcecode.swift; path = UserContentViewControllerTests.swift; sourceTree = "<group>"; };
		11D3907625AB424D0014B3B1 /* ContentCollectionView.swift */ = {isa = PBXFileReference; lastKnownFileType = sourcecode.swift; path = ContentCollectionView.swift; sourceTree = "<group>"; };
		11D3908125AB50810014B3B1 /* ContentNavigationController.swift */ = {isa = PBXFileReference; lastKnownFileType = sourcecode.swift; path = ContentNavigationController.swift; sourceTree = "<group>"; };
		11D3909325AB56440014B3B1 /* UIColor+Extension.swift */ = {isa = PBXFileReference; lastKnownFileType = sourcecode.swift; path = "UIColor+Extension.swift"; sourceTree = "<group>"; };
		11D3909725AB585A0014B3B1 /* ContentCollectionViewCell.swift */ = {isa = PBXFileReference; lastKnownFileType = sourcecode.swift; path = ContentCollectionViewCell.swift; sourceTree = "<group>"; };
		11D3909F25ABCE690014B3B1 /* ContentCollectionViewLayout.swift */ = {isa = PBXFileReference; lastKnownFileType = sourcecode.swift; path = ContentCollectionViewLayout.swift; sourceTree = "<group>"; };
		11F80BE925B50F21008AAAEE /* Result+Extension.swift */ = {isa = PBXFileReference; lastKnownFileType = sourcecode.swift; path = "Result+Extension.swift"; sourceTree = "<group>"; };
		11F80C1D25B55BC5008AAAEE /* InstagramDataFetcher.swift */ = {isa = PBXFileReference; lastKnownFileType = sourcecode.swift; path = InstagramDataFetcher.swift; sourceTree = "<group>"; };
		7FB2ACB2AFD35F16B2995C7E /* Pods-IncolletionTests.release.xcconfig */ = {isa = PBXFileReference; includeInIndex = 1; lastKnownFileType = text.xcconfig; name = "Pods-IncolletionTests.release.xcconfig"; path = "Target Support Files/Pods-IncolletionTests/Pods-IncolletionTests.release.xcconfig"; sourceTree = "<group>"; };
		81E955DA191C3C2FB2D248C3 /* Pods-IncolletionTests.debug.xcconfig */ = {isa = PBXFileReference; includeInIndex = 1; lastKnownFileType = text.xcconfig; name = "Pods-IncolletionTests.debug.xcconfig"; path = "Target Support Files/Pods-IncolletionTests/Pods-IncolletionTests.debug.xcconfig"; sourceTree = "<group>"; };
		B1A94264B26A70A135752758 /* Pods_IncolletionTests.framework */ = {isa = PBXFileReference; explicitFileType = wrapper.framework; includeInIndex = 0; path = Pods_IncolletionTests.framework; sourceTree = BUILT_PRODUCTS_DIR; };
		EE90240C0BFE740F7A7A550D /* Pods-Incolletion.debug.xcconfig */ = {isa = PBXFileReference; includeInIndex = 1; lastKnownFileType = text.xcconfig; name = "Pods-Incolletion.debug.xcconfig"; path = "Target Support Files/Pods-Incolletion/Pods-Incolletion.debug.xcconfig"; sourceTree = "<group>"; };
/* End PBXFileReference section */

/* Begin PBXFrameworksBuildPhase section */
		11D3903E25AB3F230014B3B1 /* Frameworks */ = {
			isa = PBXFrameworksBuildPhase;
			buildActionMask = 2147483647;
			files = (
				2B340C25E40029CFF385BD82 /* Pods_Incolletion.framework in Frameworks */,
			);
			runOnlyForDeploymentPostprocessing = 0;
		};
		11D3905F25AB40C40014B3B1 /* Frameworks */ = {
			isa = PBXFrameworksBuildPhase;
			buildActionMask = 2147483647;
			files = (
				CD50C24D3EE724D78AA73497 /* Pods_IncolletionTests.framework in Frameworks */,
			);
			runOnlyForDeploymentPostprocessing = 0;
		};
/* End PBXFrameworksBuildPhase section */

/* Begin PBXGroup section */
		11009AB525B3CA1800DC3940 /* Router */ = {
			isa = PBXGroup;
			children = (
				11735ADA25B283E500C27FBB /* Router.swift */,
			);
			path = Router;
			sourceTree = "<group>";
		};
		11009AB825B3CA3600DC3940 /* Settings */ = {
			isa = PBXGroup;
			children = (
				11735B0C25B340C100C27FBB /* AppSettings.swift */,
			);
			path = Settings;
			sourceTree = "<group>";
		};
		11009ABB25B3CA4700DC3940 /* Entities */ = {
			isa = PBXGroup;
			children = (
				11735AE025B28AD600C27FBB /* ErrorType.swift */,
			);
			path = Entities;
			sourceTree = "<group>";
		};
		11009ABE25B3CA5300DC3940 /* Model */ = {
			isa = PBXGroup;
			children = (
				11B652FB25B164E900215FD4 /* InstagramResponse.swift */,
			);
			path = Model;
			sourceTree = "<group>";
		};
		11009AD225B3CCC500DC3940 /* Domain */ = {
			isa = PBXGroup;
			children = (
				113B5E8525BBD6C00081B461 /* Manager */,
				11009AB525B3CA1800DC3940 /* Router */,
				11009AE525B3CD6600DC3940 /* Service */,
				11F80C2125B55BCD008AAAEE /* Fetcher */,
			);
			path = Domain;
			sourceTree = "<group>";
		};
		11009AD825B3CCE500DC3940 /* Router */ = {
			isa = PBXGroup;
			children = (
				11009ACB25B3CC9B00DC3940 /* DefaultRouter.swift */,
			);
			path = Router;
			sourceTree = "<group>";
		};
		11009AE525B3CD6600DC3940 /* Service */ = {
			isa = PBXGroup;
			children = (
				113B5E5925BBC6110081B461 /* Local */,
				113B5E5C25BBC6180081B461 /* Network */,
			);
			path = Service;
			sourceTree = "<group>";
		};
		11009AEA25B3CDA600DC3940 /* Data */ = {
			isa = PBXGroup;
			children = (
				11009ABE25B3CA5300DC3940 /* Model */,
				11009AEF25B3CDC000DC3940 /* API */,
				11B6532125B16AF000215FD4 /* Service */,
			);
			path = Data;
			sourceTree = "<group>";
		};
		11009AEF25B3CDC000DC3940 /* API */ = {
			isa = PBXGroup;
			children = (
				11B652F725B161E100215FD4 /* InstagramApi.swift */,
			);
			path = API;
			sourceTree = "<group>";
		};
		113B5E4425BBA85E0081B461 /* Network */ = {
			isa = PBXGroup;
			children = (
				11735A8525B1CCD400C27FBB /* AuthorizeService.swift */,
				11930C0B25B3F90E0099E7FD /* DataFetcherService.swift */,
				11930BF625B3F67A0099E7FD /* NetworkService.swift */,
			);
			path = Network;
			sourceTree = "<group>";
		};
		113B5E5925BBC6110081B461 /* Local */ = {
			isa = PBXGroup;
			children = (
				113B5E5F25BBCD880081B461 /* LocalDataFetcher.swift */,
			);
			path = Local;
			sourceTree = "<group>";
		};
		113B5E5C25BBC6180081B461 /* Network */ = {
			isa = PBXGroup;
			children = (
				11930BFA25B3F7110099E7FD /* DataFetcher.swift */,
				11930BEB25B3F6060099E7FD /* Networking.swift */,
				11009ADB25B3CD4400DC3940 /* AuthorizeServiceResolver.swift */,
				11009AE125B3CD5A00DC3940 /* AuthorizeServiceStarter.swift */,
			);
			path = Network;
			sourceTree = "<group>";
		};
		113B5E6D25BBD2ED0081B461 /* Fetcher */ = {
			isa = PBXGroup;
			children = (
				11930C0325B3F7470099E7FD /* NetworkDataFetcher.swift */,
				113B5E6325BBCDE90081B461 /* DefaultLocalDataFetcher.swift */,
			);
			path = Fetcher;
			sourceTree = "<group>";
		};
		113B5E7525BBD3320081B461 /* UI */ = {
			isa = PBXGroup;
			children = (
				115F043625BF9B930085D52E /* Views */,
				11735ABB25B1DDB700C27FBB /* Authorize */,
				11D3908725AB51220014B3B1 /* Content */,
				11009AD825B3CCE500DC3940 /* Router */,
			);
			path = UI;
			sourceTree = "<group>";
		};
		113B5E7C25BBD5C30081B461 /* Manager */ = {
			isa = PBXGroup;
			children = (
				113B5E8625BBD6D90081B461 /* DefaultLocalDataManager.swift */,
			);
			path = Manager;
			sourceTree = "<group>";
		};
		113B5E8525BBD6C00081B461 /* Manager */ = {
			isa = PBXGroup;
			children = (
				113B5E7825BBD5C00081B461 /* LocalDataManager.swift */,
			);
			path = Manager;
			sourceTree = "<group>";
		};
		115F043625BF9B930085D52E /* Views */ = {
			isa = PBXGroup;
			children = (
				115F043025BF9B5E0085D52E /* WebImageView.swift */,
			);
			path = Views;
			sourceTree = "<group>";
		};
		11735AAE25B1DAC700C27FBB /* ViewModel */ = {
			isa = PBXGroup;
			children = (
				113B5E8A25BBDAA90081B461 /* ContentNavigationControllerViewModel.swift */,
				11735AAA25B1D95800C27FBB /* ContentViewControllerViewModel.swift */,
				115F044125BFA5C60085D52E /* ContentCollectionViewViewModel.swift */,
				115F043D25BFA3C00085D52E /* ContentCollectionViewCellViewModel.swift */,
			);
			path = ViewModel;
			sourceTree = "<group>";
		};
		11735ABB25B1DDB700C27FBB /* Authorize */ = {
			isa = PBXGroup;
			children = (
				11735ABE25B1DDE100C27FBB /* View */,
				11735AC525B1E0A700C27FBB /* ViewModel */,
			);
			path = Authorize;
			sourceTree = "<group>";
		};
		11735ABE25B1DDE100C27FBB /* View */ = {
			isa = PBXGroup;
			children = (
				11735AB725B1DD6B00C27FBB /* AuthorizeViewController.swift */,
				11735A8D25B1D11900C27FBB /* InstagramLoginViewController.swift */,
			);
			path = View;
			sourceTree = "<group>";
		};
		11735AC525B1E0A700C27FBB /* ViewModel */ = {
			isa = PBXGroup;
			children = (
				11735AF825B2D1A500C27FBB /* ViewModel.swift */,
				11735AC125B1E0A300C27FBB /* AuthorizeViewModel.swift */,
				11735AF025B2CDAC00C27FBB /* InstagramLoginViewModel.swift */,
			);
			path = ViewModel;
			sourceTree = "<group>";
		};
		11B652F225B161BC00215FD4 /* Extensions */ = {
			isa = PBXGroup;
			children = (
				11F80BE925B50F21008AAAEE /* Result+Extension.swift */,
				11B6529225AF419F00215FD4 /* CGRect+Extension.swift */,
				11D3909325AB56440014B3B1 /* UIColor+Extension.swift */,
			);
			path = Extensions;
			sourceTree = "<group>";
		};
		11B6532125B16AF000215FD4 /* Service */ = {
			isa = PBXGroup;
			children = (
				113B5E4425BBA85E0081B461 /* Network */,
				113B5E6D25BBD2ED0081B461 /* Fetcher */,
			);
			path = Service;
			sourceTree = "<group>";
		};
		11D3903825AB3F230014B3B1 = {
			isa = PBXGroup;
			children = (
				11D3904325AB3F230014B3B1 /* Incolletion */,
				11D3906325AB40C40014B3B1 /* IncolletionTests */,
				11D3904225AB3F230014B3B1 /* Products */,
				6C23A31C2B43A9D27007BF89 /* Pods */,
				692AFDA93DB08416FA30A125 /* Frameworks */,
			);
			sourceTree = "<group>";
		};
		11D3904225AB3F230014B3B1 /* Products */ = {
			isa = PBXGroup;
			children = (
				11D3904125AB3F230014B3B1 /* Incolletion.app */,
				11D3906225AB40C40014B3B1 /* IncolletionTests.xctest */,
			);
			name = Products;
			sourceTree = "<group>";
		};
		11D3904325AB3F230014B3B1 /* Incolletion */ = {
			isa = PBXGroup;
			children = (
				11D3904425AB3F230014B3B1 /* AppDelegate.swift */,
				11009AEA25B3CDA600DC3940 /* Data */,
				11009AD225B3CCC500DC3940 /* Domain */,
				11009ABB25B3CA4700DC3940 /* Entities */,
				11009AB825B3CA3600DC3940 /* Settings */,
				113B5E7C25BBD5C30081B461 /* Manager */,
				113B5E7525BBD3320081B461 /* UI */,
				11B652F225B161BC00215FD4 /* Extensions */,
				11D3905025AB3F240014B3B1 /* Assets.xcassets */,
				11D3905225AB3F240014B3B1 /* LaunchScreen.storyboard */,
				11D3905525AB3F240014B3B1 /* Info.plist */,
				11D3904D25AB3F230014B3B1 /* Incolletion.xcdatamodeld */,
			);
			path = Incolletion;
			sourceTree = "<group>";
		};
		11D3906325AB40C40014B3B1 /* IncolletionTests */ = {
			isa = PBXGroup;
			children = (
				11D3907025AB41780014B3B1 /* UserContentViewControllerTests.swift */,
				11D3906625AB40C40014B3B1 /* Info.plist */,
			);
			path = IncolletionTests;
			sourceTree = "<group>";
		};
		11D3908725AB51220014B3B1 /* Content */ = {
			isa = PBXGroup;
			children = (
				11D3908C25AB51B10014B3B1 /* View */,
				11735AAE25B1DAC700C27FBB /* ViewModel */,
			);
			path = Content;
			sourceTree = "<group>";
		};
		11D3908C25AB51B10014B3B1 /* View */ = {
			isa = PBXGroup;
			children = (
				11D3908125AB50810014B3B1 /* ContentNavigationController.swift */,
				11D3904825AB3F230014B3B1 /* ContentViewController.swift */,
				11D3907625AB424D0014B3B1 /* ContentCollectionView.swift */,
				11D3909725AB585A0014B3B1 /* ContentCollectionViewCell.swift */,
				11D3909F25ABCE690014B3B1 /* ContentCollectionViewLayout.swift */,
			);
			path = View;
			sourceTree = "<group>";
		};
		11F80C2125B55BCD008AAAEE /* Fetcher */ = {
			isa = PBXGroup;
			children = (
				11F80C1D25B55BC5008AAAEE /* InstagramDataFetcher.swift */,
			);
			path = Fetcher;
			sourceTree = "<group>";
		};
		692AFDA93DB08416FA30A125 /* Frameworks */ = {
			isa = PBXGroup;
			children = (
				10DFFE221D396D045FC169DE /* Pods_Incolletion.framework */,
				B1A94264B26A70A135752758 /* Pods_IncolletionTests.framework */,
			);
			name = Frameworks;
			sourceTree = "<group>";
		};
		6C23A31C2B43A9D27007BF89 /* Pods */ = {
			isa = PBXGroup;
			children = (
				EE90240C0BFE740F7A7A550D /* Pods-Incolletion.debug.xcconfig */,
				07900A267DF8A908F1F47042 /* Pods-Incolletion.release.xcconfig */,
				81E955DA191C3C2FB2D248C3 /* Pods-IncolletionTests.debug.xcconfig */,
				7FB2ACB2AFD35F16B2995C7E /* Pods-IncolletionTests.release.xcconfig */,
			);
			path = Pods;
			sourceTree = "<group>";
		};
/* End PBXGroup section */

/* Begin PBXNativeTarget section */
		11D3904025AB3F230014B3B1 /* Incolletion */ = {
			isa = PBXNativeTarget;
			buildConfigurationList = 11D3905825AB3F240014B3B1 /* Build configuration list for PBXNativeTarget "Incolletion" */;
			buildPhases = (
				49A8396A5CF30EC04AC5EB98 /* [CP] Check Pods Manifest.lock */,
				11D3903D25AB3F230014B3B1 /* Sources */,
				11D3903E25AB3F230014B3B1 /* Frameworks */,
				11D3903F25AB3F230014B3B1 /* Resources */,
				37B37378A56D84F857BAC47C /* [CP] Embed Pods Frameworks */,
			);
			buildRules = (
			);
			dependencies = (
			);
			name = Incolletion;
			productName = Incolletion;
			productReference = 11D3904125AB3F230014B3B1 /* Incolletion.app */;
			productType = "com.apple.product-type.application";
		};
		11D3906125AB40C40014B3B1 /* IncolletionTests */ = {
			isa = PBXNativeTarget;
			buildConfigurationList = 11D3906925AB40C40014B3B1 /* Build configuration list for PBXNativeTarget "IncolletionTests" */;
			buildPhases = (
				563CA558B334D7DD0E669B7A /* [CP] Check Pods Manifest.lock */,
				11D3905E25AB40C40014B3B1 /* Sources */,
				11D3905F25AB40C40014B3B1 /* Frameworks */,
				11D3906025AB40C40014B3B1 /* Resources */,
			);
			buildRules = (
			);
			dependencies = (
				11D3906825AB40C40014B3B1 /* PBXTargetDependency */,
			);
			name = IncolletionTests;
			productName = IncolletionTests;
			productReference = 11D3906225AB40C40014B3B1 /* IncolletionTests.xctest */;
			productType = "com.apple.product-type.bundle.unit-test";
		};
/* End PBXNativeTarget section */

/* Begin PBXProject section */
		11D3903925AB3F230014B3B1 /* Project object */ = {
			isa = PBXProject;
			attributes = {
				LastSwiftUpdateCheck = 1230;
				LastUpgradeCheck = 1230;
				TargetAttributes = {
					11D3904025AB3F230014B3B1 = {
						CreatedOnToolsVersion = 12.3;
					};
					11D3906125AB40C40014B3B1 = {
						CreatedOnToolsVersion = 12.3;
						LastSwiftMigration = 1230;
						TestTargetID = 11D3904025AB3F230014B3B1;
					};
				};
			};
			buildConfigurationList = 11D3903C25AB3F230014B3B1 /* Build configuration list for PBXProject "Incolletion" */;
			compatibilityVersion = "Xcode 9.3";
			developmentRegion = en;
			hasScannedForEncodings = 0;
			knownRegions = (
				en,
				Base,
			);
			mainGroup = 11D3903825AB3F230014B3B1;
			productRefGroup = 11D3904225AB3F230014B3B1 /* Products */;
			projectDirPath = "";
			projectRoot = "";
			targets = (
				11D3904025AB3F230014B3B1 /* Incolletion */,
				11D3906125AB40C40014B3B1 /* IncolletionTests */,
			);
		};
/* End PBXProject section */

/* Begin PBXResourcesBuildPhase section */
		11D3903F25AB3F230014B3B1 /* Resources */ = {
			isa = PBXResourcesBuildPhase;
			buildActionMask = 2147483647;
			files = (
				11D3905425AB3F240014B3B1 /* LaunchScreen.storyboard in Resources */,
				11D3905125AB3F240014B3B1 /* Assets.xcassets in Resources */,
			);
			runOnlyForDeploymentPostprocessing = 0;
		};
		11D3906025AB40C40014B3B1 /* Resources */ = {
			isa = PBXResourcesBuildPhase;
			buildActionMask = 2147483647;
			files = (
			);
			runOnlyForDeploymentPostprocessing = 0;
		};
/* End PBXResourcesBuildPhase section */

/* Begin PBXShellScriptBuildPhase section */
		37B37378A56D84F857BAC47C /* [CP] Embed Pods Frameworks */ = {
			isa = PBXShellScriptBuildPhase;
			buildActionMask = 2147483647;
			files = (
			);
			inputFileListPaths = (
				"${PODS_ROOT}/Target Support Files/Pods-Incolletion/Pods-Incolletion-frameworks-${CONFIGURATION}-input-files.xcfilelist",
			);
			name = "[CP] Embed Pods Frameworks";
			outputFileListPaths = (
				"${PODS_ROOT}/Target Support Files/Pods-Incolletion/Pods-Incolletion-frameworks-${CONFIGURATION}-output-files.xcfilelist",
			);
			runOnlyForDeploymentPostprocessing = 0;
			shellPath = /bin/sh;
			shellScript = "\"${PODS_ROOT}/Target Support Files/Pods-Incolletion/Pods-Incolletion-frameworks.sh\"\n";
			showEnvVarsInLog = 0;
		};
		49A8396A5CF30EC04AC5EB98 /* [CP] Check Pods Manifest.lock */ = {
			isa = PBXShellScriptBuildPhase;
			buildActionMask = 2147483647;
			files = (
			);
			inputFileListPaths = (
			);
			inputPaths = (
				"${PODS_PODFILE_DIR_PATH}/Podfile.lock",
				"${PODS_ROOT}/Manifest.lock",
			);
			name = "[CP] Check Pods Manifest.lock";
			outputFileListPaths = (
			);
			outputPaths = (
				"$(DERIVED_FILE_DIR)/Pods-Incolletion-checkManifestLockResult.txt",
			);
			runOnlyForDeploymentPostprocessing = 0;
			shellPath = /bin/sh;
			shellScript = "diff \"${PODS_PODFILE_DIR_PATH}/Podfile.lock\" \"${PODS_ROOT}/Manifest.lock\" > /dev/null\nif [ $? != 0 ] ; then\n    # print error to STDERR\n    echo \"error: The sandbox is not in sync with the Podfile.lock. Run 'pod install' or update your CocoaPods installation.\" >&2\n    exit 1\nfi\n# This output is used by Xcode 'outputs' to avoid re-running this script phase.\necho \"SUCCESS\" > \"${SCRIPT_OUTPUT_FILE_0}\"\n";
			showEnvVarsInLog = 0;
		};
		563CA558B334D7DD0E669B7A /* [CP] Check Pods Manifest.lock */ = {
			isa = PBXShellScriptBuildPhase;
			buildActionMask = 2147483647;
			files = (
			);
			inputFileListPaths = (
			);
			inputPaths = (
				"${PODS_PODFILE_DIR_PATH}/Podfile.lock",
				"${PODS_ROOT}/Manifest.lock",
			);
			name = "[CP] Check Pods Manifest.lock";
			outputFileListPaths = (
			);
			outputPaths = (
				"$(DERIVED_FILE_DIR)/Pods-IncolletionTests-checkManifestLockResult.txt",
			);
			runOnlyForDeploymentPostprocessing = 0;
			shellPath = /bin/sh;
			shellScript = "diff \"${PODS_PODFILE_DIR_PATH}/Podfile.lock\" \"${PODS_ROOT}/Manifest.lock\" > /dev/null\nif [ $? != 0 ] ; then\n    # print error to STDERR\n    echo \"error: The sandbox is not in sync with the Podfile.lock. Run 'pod install' or update your CocoaPods installation.\" >&2\n    exit 1\nfi\n# This output is used by Xcode 'outputs' to avoid re-running this script phase.\necho \"SUCCESS\" > \"${SCRIPT_OUTPUT_FILE_0}\"\n";
			showEnvVarsInLog = 0;
		};
/* End PBXShellScriptBuildPhase section */

/* Begin PBXSourcesBuildPhase section */
		11D3903D25AB3F230014B3B1 /* Sources */ = {
			isa = PBXSourcesBuildPhase;
			buildActionMask = 2147483647;
			files = (
				11D3909425AB56440014B3B1 /* UIColor+Extension.swift in Sources */,
				11D3907725AB424D0014B3B1 /* ContentCollectionView.swift in Sources */,
				113B5E6425BBCDE90081B461 /* DefaultLocalDataFetcher.swift in Sources */,
				11735B0D25B340C100C27FBB /* AppSettings.swift in Sources */,
				115F044225BFA5C60085D52E /* ContentCollectionViewViewModel.swift in Sources */,
				11735AB825B1DD6B00C27FBB /* AuthorizeViewController.swift in Sources */,
				11009ACC25B3CC9B00DC3940 /* DefaultRouter.swift in Sources */,
				11735AAB25B1D95800C27FBB /* ContentViewControllerViewModel.swift in Sources */,
				113B5E6025BBCD880081B461 /* LocalDataFetcher.swift in Sources */,
				11930BF725B3F67A0099E7FD /* NetworkService.swift in Sources */,
				11735ADB25B283E500C27FBB /* Router.swift in Sources */,
				11735AC225B1E0A300C27FBB /* AuthorizeViewModel.swift in Sources */,
				11009ADC25B3CD4400DC3940 /* AuthorizeServiceResolver.swift in Sources */,
				11D3908225AB50810014B3B1 /* ContentNavigationController.swift in Sources */,
				115F043125BF9B5E0085D52E /* WebImageView.swift in Sources */,
				11F80C1E25B55BC5008AAAEE /* InstagramDataFetcher.swift in Sources */,
				11D390A025ABCE690014B3B1 /* ContentCollectionViewLayout.swift in Sources */,
				11D3904F25AB3F230014B3B1 /* Incolletion.xcdatamodeld in Sources */,
				11735A8E25B1D11900C27FBB /* InstagramLoginViewController.swift in Sources */,
				11735AF925B2D1A500C27FBB /* ViewModel.swift in Sources */,
				11D3904925AB3F230014B3B1 /* ContentViewController.swift in Sources */,
				11735AF125B2CDAC00C27FBB /* InstagramLoginViewModel.swift in Sources */,
				115F043E25BFA3C00085D52E /* ContentCollectionViewCellViewModel.swift in Sources */,
				11735A8625B1CCD400C27FBB /* AuthorizeService.swift in Sources */,
				113B5E8B25BBDAA90081B461 /* ContentNavigationControllerViewModel.swift in Sources */,
				11D3904525AB3F230014B3B1 /* AppDelegate.swift in Sources */,
				11930C0C25B3F90E0099E7FD /* DataFetcherService.swift in Sources */,
				11735AE125B28AD600C27FBB /* ErrorType.swift in Sources */,
				11009AE225B3CD5A00DC3940 /* AuthorizeServiceStarter.swift in Sources */,
				11F80BEA25B50F21008AAAEE /* Result+Extension.swift in Sources */,
				11930BFB25B3F7110099E7FD /* DataFetcher.swift in Sources */,
				113B5E7925BBD5C00081B461 /* LocalDataManager.swift in Sources */,
				11930C0425B3F7470099E7FD /* NetworkDataFetcher.swift in Sources */,
				11B652F825B161E100215FD4 /* InstagramApi.swift in Sources */,
				11930BEC25B3F6060099E7FD /* Networking.swift in Sources */,
				11B6529325AF419F00215FD4 /* CGRect+Extension.swift in Sources */,
				11D3909825AB585A0014B3B1 /* ContentCollectionViewCell.swift in Sources */,
				11B652FC25B164E900215FD4 /* InstagramResponse.swift in Sources */,
				113B5E8725BBD6D90081B461 /* DefaultLocalDataManager.swift in Sources */,
			);
			runOnlyForDeploymentPostprocessing = 0;
		};
		11D3905E25AB40C40014B3B1 /* Sources */ = {
			isa = PBXSourcesBuildPhase;
			buildActionMask = 2147483647;
			files = (
				11D3907125AB41780014B3B1 /* UserContentViewControllerTests.swift in Sources */,
			);
			runOnlyForDeploymentPostprocessing = 0;
		};
/* End PBXSourcesBuildPhase section */

/* Begin PBXTargetDependency section */
		11D3906825AB40C40014B3B1 /* PBXTargetDependency */ = {
			isa = PBXTargetDependency;
			target = 11D3904025AB3F230014B3B1 /* Incolletion */;
			targetProxy = 11D3906725AB40C40014B3B1 /* PBXContainerItemProxy */;
		};
/* End PBXTargetDependency section */

/* Begin PBXVariantGroup section */
		11D3905225AB3F240014B3B1 /* LaunchScreen.storyboard */ = {
			isa = PBXVariantGroup;
			children = (
				11D3905325AB3F240014B3B1 /* Base */,
			);
			name = LaunchScreen.storyboard;
			sourceTree = "<group>";
		};
/* End PBXVariantGroup section */

/* Begin XCBuildConfiguration section */
		11D3905625AB3F240014B3B1 /* Debug */ = {
			isa = XCBuildConfiguration;
			buildSettings = {
				ALWAYS_SEARCH_USER_PATHS = NO;
				CLANG_ANALYZER_NONNULL = YES;
				CLANG_ANALYZER_NUMBER_OBJECT_CONVERSION = YES_AGGRESSIVE;
				CLANG_CXX_LANGUAGE_STANDARD = "gnu++14";
				CLANG_CXX_LIBRARY = "libc++";
				CLANG_ENABLE_MODULES = YES;
				CLANG_ENABLE_OBJC_ARC = YES;
				CLANG_ENABLE_OBJC_WEAK = YES;
				CLANG_WARN_BLOCK_CAPTURE_AUTORELEASING = YES;
				CLANG_WARN_BOOL_CONVERSION = YES;
				CLANG_WARN_COMMA = YES;
				CLANG_WARN_CONSTANT_CONVERSION = YES;
				CLANG_WARN_DEPRECATED_OBJC_IMPLEMENTATIONS = YES;
				CLANG_WARN_DIRECT_OBJC_ISA_USAGE = YES_ERROR;
				CLANG_WARN_DOCUMENTATION_COMMENTS = YES;
				CLANG_WARN_EMPTY_BODY = YES;
				CLANG_WARN_ENUM_CONVERSION = YES;
				CLANG_WARN_INFINITE_RECURSION = YES;
				CLANG_WARN_INT_CONVERSION = YES;
				CLANG_WARN_NON_LITERAL_NULL_CONVERSION = YES;
				CLANG_WARN_OBJC_IMPLICIT_RETAIN_SELF = YES;
				CLANG_WARN_OBJC_LITERAL_CONVERSION = YES;
				CLANG_WARN_OBJC_ROOT_CLASS = YES_ERROR;
				CLANG_WARN_QUOTED_INCLUDE_IN_FRAMEWORK_HEADER = YES;
				CLANG_WARN_RANGE_LOOP_ANALYSIS = YES;
				CLANG_WARN_STRICT_PROTOTYPES = YES;
				CLANG_WARN_SUSPICIOUS_MOVE = YES;
				CLANG_WARN_UNGUARDED_AVAILABILITY = YES_AGGRESSIVE;
				CLANG_WARN_UNREACHABLE_CODE = YES;
				CLANG_WARN__DUPLICATE_METHOD_MATCH = YES;
				COPY_PHASE_STRIP = NO;
				DEBUG_INFORMATION_FORMAT = dwarf;
				ENABLE_STRICT_OBJC_MSGSEND = YES;
				ENABLE_TESTABILITY = YES;
				GCC_C_LANGUAGE_STANDARD = gnu11;
				GCC_DYNAMIC_NO_PIC = NO;
				GCC_NO_COMMON_BLOCKS = YES;
				GCC_OPTIMIZATION_LEVEL = 0;
				GCC_PREPROCESSOR_DEFINITIONS = (
					"DEBUG=1",
					"$(inherited)",
				);
				GCC_WARN_64_TO_32_BIT_CONVERSION = YES;
				GCC_WARN_ABOUT_RETURN_TYPE = YES_ERROR;
				GCC_WARN_UNDECLARED_SELECTOR = YES;
				GCC_WARN_UNINITIALIZED_AUTOS = YES_AGGRESSIVE;
				GCC_WARN_UNUSED_FUNCTION = YES;
				GCC_WARN_UNUSED_VARIABLE = YES;
				IPHONEOS_DEPLOYMENT_TARGET = 14.3;
				MTL_ENABLE_DEBUG_INFO = INCLUDE_SOURCE;
				MTL_FAST_MATH = YES;
				ONLY_ACTIVE_ARCH = YES;
				SDKROOT = iphoneos;
				SWIFT_ACTIVE_COMPILATION_CONDITIONS = DEBUG;
				SWIFT_OPTIMIZATION_LEVEL = "-Onone";
			};
			name = Debug;
		};
		11D3905725AB3F240014B3B1 /* Release */ = {
			isa = XCBuildConfiguration;
			buildSettings = {
				ALWAYS_SEARCH_USER_PATHS = NO;
				CLANG_ANALYZER_NONNULL = YES;
				CLANG_ANALYZER_NUMBER_OBJECT_CONVERSION = YES_AGGRESSIVE;
				CLANG_CXX_LANGUAGE_STANDARD = "gnu++14";
				CLANG_CXX_LIBRARY = "libc++";
				CLANG_ENABLE_MODULES = YES;
				CLANG_ENABLE_OBJC_ARC = YES;
				CLANG_ENABLE_OBJC_WEAK = YES;
				CLANG_WARN_BLOCK_CAPTURE_AUTORELEASING = YES;
				CLANG_WARN_BOOL_CONVERSION = YES;
				CLANG_WARN_COMMA = YES;
				CLANG_WARN_CONSTANT_CONVERSION = YES;
				CLANG_WARN_DEPRECATED_OBJC_IMPLEMENTATIONS = YES;
				CLANG_WARN_DIRECT_OBJC_ISA_USAGE = YES_ERROR;
				CLANG_WARN_DOCUMENTATION_COMMENTS = YES;
				CLANG_WARN_EMPTY_BODY = YES;
				CLANG_WARN_ENUM_CONVERSION = YES;
				CLANG_WARN_INFINITE_RECURSION = YES;
				CLANG_WARN_INT_CONVERSION = YES;
				CLANG_WARN_NON_LITERAL_NULL_CONVERSION = YES;
				CLANG_WARN_OBJC_IMPLICIT_RETAIN_SELF = YES;
				CLANG_WARN_OBJC_LITERAL_CONVERSION = YES;
				CLANG_WARN_OBJC_ROOT_CLASS = YES_ERROR;
				CLANG_WARN_QUOTED_INCLUDE_IN_FRAMEWORK_HEADER = YES;
				CLANG_WARN_RANGE_LOOP_ANALYSIS = YES;
				CLANG_WARN_STRICT_PROTOTYPES = YES;
				CLANG_WARN_SUSPICIOUS_MOVE = YES;
				CLANG_WARN_UNGUARDED_AVAILABILITY = YES_AGGRESSIVE;
				CLANG_WARN_UNREACHABLE_CODE = YES;
				CLANG_WARN__DUPLICATE_METHOD_MATCH = YES;
				COPY_PHASE_STRIP = NO;
				DEBUG_INFORMATION_FORMAT = "dwarf-with-dsym";
				ENABLE_NS_ASSERTIONS = NO;
				ENABLE_STRICT_OBJC_MSGSEND = YES;
				GCC_C_LANGUAGE_STANDARD = gnu11;
				GCC_NO_COMMON_BLOCKS = YES;
				GCC_WARN_64_TO_32_BIT_CONVERSION = YES;
				GCC_WARN_ABOUT_RETURN_TYPE = YES_ERROR;
				GCC_WARN_UNDECLARED_SELECTOR = YES;
				GCC_WARN_UNINITIALIZED_AUTOS = YES_AGGRESSIVE;
				GCC_WARN_UNUSED_FUNCTION = YES;
				GCC_WARN_UNUSED_VARIABLE = YES;
				IPHONEOS_DEPLOYMENT_TARGET = 14.3;
				MTL_ENABLE_DEBUG_INFO = NO;
				MTL_FAST_MATH = YES;
				SDKROOT = iphoneos;
				SWIFT_COMPILATION_MODE = wholemodule;
				SWIFT_OPTIMIZATION_LEVEL = "-O";
				VALIDATE_PRODUCT = YES;
			};
			name = Release;
		};
		11D3905925AB3F240014B3B1 /* Debug */ = {
			isa = XCBuildConfiguration;
			baseConfigurationReference = EE90240C0BFE740F7A7A550D /* Pods-Incolletion.debug.xcconfig */;
			buildSettings = {
				ASSETCATALOG_COMPILER_APPICON_NAME = AppIcon;
				ASSETCATALOG_COMPILER_GLOBAL_ACCENT_COLOR_NAME = AccentColor;
				CODE_SIGN_STYLE = Automatic;
				DEVELOPMENT_TEAM = VFGC8L6523;
				INFOPLIST_FILE = Incolletion/Info.plist;
				IPHONEOS_DEPLOYMENT_TARGET = 11.0;
				LD_RUNPATH_SEARCH_PATHS = (
					"$(inherited)",
					"@executable_path/Frameworks",
				);
				PRODUCT_BUNDLE_IDENTIFIER = com.previewforyou;
				PRODUCT_NAME = "$(TARGET_NAME)";
				SWIFT_VERSION = 5.0;
				TARGETED_DEVICE_FAMILY = 1;
			};
			name = Debug;
		};
		11D3905A25AB3F240014B3B1 /* Release */ = {
			isa = XCBuildConfiguration;
			baseConfigurationReference = 07900A267DF8A908F1F47042 /* Pods-Incolletion.release.xcconfig */;
			buildSettings = {
				ASSETCATALOG_COMPILER_APPICON_NAME = AppIcon;
				ASSETCATALOG_COMPILER_GLOBAL_ACCENT_COLOR_NAME = AccentColor;
				CODE_SIGN_STYLE = Automatic;
				DEVELOPMENT_TEAM = VFGC8L6523;
				INFOPLIST_FILE = Incolletion/Info.plist;
				IPHONEOS_DEPLOYMENT_TARGET = 11.0;
				LD_RUNPATH_SEARCH_PATHS = (
					"$(inherited)",
					"@executable_path/Frameworks",
				);
				PRODUCT_BUNDLE_IDENTIFIER = com.previewforyou;
				PRODUCT_NAME = "$(TARGET_NAME)";
				SWIFT_VERSION = 5.0;
				TARGETED_DEVICE_FAMILY = 1;
			};
			name = Release;
		};
		11D3906A25AB40C40014B3B1 /* Debug */ = {
			isa = XCBuildConfiguration;
			baseConfigurationReference = 81E955DA191C3C2FB2D248C3 /* Pods-IncolletionTests.debug.xcconfig */;
			buildSettings = {
				BUNDLE_LOADER = "$(TEST_HOST)";
				CLANG_ENABLE_MODULES = YES;
				CODE_SIGN_STYLE = Automatic;
				DEVELOPMENT_TEAM = VFGC8L6523;
				INFOPLIST_FILE = IncolletionTests/Info.plist;
				LD_RUNPATH_SEARCH_PATHS = (
					"$(inherited)",
					"@executable_path/Frameworks",
					"@loader_path/Frameworks",
				);
				PRODUCT_BUNDLE_IDENTIFIER = "anatoly-yem.IncolletionTests";
				PRODUCT_NAME = "$(TARGET_NAME)";
				SWIFT_OPTIMIZATION_LEVEL = "-Onone";
				SWIFT_VERSION = 5.0;
				TARGETED_DEVICE_FAMILY = "1,2";
				TEST_HOST = "$(BUILT_PRODUCTS_DIR)/Incolletion.app/Incolletion";
			};
			name = Debug;
		};
		11D3906B25AB40C40014B3B1 /* Release */ = {
			isa = XCBuildConfiguration;
			baseConfigurationReference = 7FB2ACB2AFD35F16B2995C7E /* Pods-IncolletionTests.release.xcconfig */;
			buildSettings = {
				BUNDLE_LOADER = "$(TEST_HOST)";
				CLANG_ENABLE_MODULES = YES;
				CODE_SIGN_STYLE = Automatic;
				DEVELOPMENT_TEAM = VFGC8L6523;
				INFOPLIST_FILE = IncolletionTests/Info.plist;
				LD_RUNPATH_SEARCH_PATHS = (
					"$(inherited)",
					"@executable_path/Frameworks",
					"@loader_path/Frameworks",
				);
				PRODUCT_BUNDLE_IDENTIFIER = "anatoly-yem.IncolletionTests";
				PRODUCT_NAME = "$(TARGET_NAME)";
				SWIFT_VERSION = 5.0;
				TARGETED_DEVICE_FAMILY = "1,2";
				TEST_HOST = "$(BUILT_PRODUCTS_DIR)/Incolletion.app/Incolletion";
			};
			name = Release;
		};
/* End XCBuildConfiguration section */

/* Begin XCConfigurationList section */
		11D3903C25AB3F230014B3B1 /* Build configuration list for PBXProject "Incolletion" */ = {
			isa = XCConfigurationList;
			buildConfigurations = (
				11D3905625AB3F240014B3B1 /* Debug */,
				11D3905725AB3F240014B3B1 /* Release */,
			);
			defaultConfigurationIsVisible = 0;
			defaultConfigurationName = Release;
		};
		11D3905825AB3F240014B3B1 /* Build configuration list for PBXNativeTarget "Incolletion" */ = {
			isa = XCConfigurationList;
			buildConfigurations = (
				11D3905925AB3F240014B3B1 /* Debug */,
				11D3905A25AB3F240014B3B1 /* Release */,
			);
			defaultConfigurationIsVisible = 0;
			defaultConfigurationName = Release;
		};
		11D3906925AB40C40014B3B1 /* Build configuration list for PBXNativeTarget "IncolletionTests" */ = {
			isa = XCConfigurationList;
			buildConfigurations = (
				11D3906A25AB40C40014B3B1 /* Debug */,
				11D3906B25AB40C40014B3B1 /* Release */,
			);
			defaultConfigurationIsVisible = 0;
			defaultConfigurationName = Release;
		};
/* End XCConfigurationList section */

/* Begin XCVersionGroup section */
		11D3904D25AB3F230014B3B1 /* Incolletion.xcdatamodeld */ = {
			isa = XCVersionGroup;
			children = (
				11D3904E25AB3F230014B3B1 /* Incolletion.xcdatamodel */,
			);
			currentVersion = 11D3904E25AB3F230014B3B1 /* Incolletion.xcdatamodel */;
			path = Incolletion.xcdatamodeld;
			sourceTree = "<group>";
			versionGroupType = wrapper.xcdatamodel;
		};
/* End XCVersionGroup section */
	};
	rootObject = 11D3903925AB3F230014B3B1 /* Project object */;
}
